# Pinned Codex CLI tarballs (main package + the linux-x64 native package it needs
# as an optionalDependency), downloaded fresh by the installer and verified against
# these npm-registry sha512 integrity values before `npm install --global` ever
# touches them.
#
# `@openai/codex` ships as a thin `bin/codex.js` launcher plus a per-platform
# optionalDependency package carrying the actual native binary + bundled ripgrep
# and bubblewrap resources (`@openai/codex-linux-x64`, published under the name
# `@openai/codex` at version `<CODEX_VERSION>-linux-x64` and consumed via npm's
# `name@npm:spec` alias). Because we install from local tarball files rather than
# resolving from the registry, the installer must supply that alias explicitly
# (`@openai/codex-linux-x64@file:<tarball>`) or npm would try to place the native
# package under the same directory as the main package (both declare the same
# internal "name": "@openai/codex").
#
# Regenerate for a new pinned version:
#   npm view @openai/codex@<version> dist.tarball dist.integrity
#   npm view "@openai/codex@<version>-linux-x64" dist.tarball dist.integrity
CODEX_VERSION=0.159.2

CODEX_MAIN_NAME=@openai/codex
CODEX_MAIN_TARBALL_NAME=codex-0.159.2.tgz
CODEX_MAIN_TARBALL_URL=https://registry.npmjs.org/@openai/codex/-/codex-0.159.2.tgz
CODEX_MAIN_INTEGRITY=sha512-SE13C3nZCYoVL569BdegoOl6vwjb7o2sXOo7ivwVzaVoY0cswwi0/6pIE0TyO/C0vIkQh3jslExitET7PBTfIg==

CODEX_LINUX_X64_ALIAS=@openai/codex-linux-x64
CODEX_LINUX_X64_VERSION=0.159.2-linux-x64
CODEX_LINUX_X64_TARBALL_NAME=codex-0.159.2-linux-x64.tgz
CODEX_LINUX_X64_TARBALL_URL=https://registry.npmjs.org/@openai/codex/-/codex-0.159.2-linux-x64.tgz
CODEX_LINUX_X64_INTEGRITY=sha512-RrCZ1X52wpa1lOsXtCtSyhjOFdQPh7LH5Ccv8HsKmd/2UXbUwxXFqWXFK3JzatquUNGtW/TLox5Y7qVOGkV0/Q==
